Microsoft Visual Studio Solution File, Format Version 12.00
# Visual Studio Version 16
VisualStudioVersion = 16.0.0.0
MinimumVisualStudioVersion = 16.0.0.0
Project("{9A19103F-16F7-4668-BE54-9A1E7A4F7556}") = "Components.Server", "Server\Components.Server.csproj", "{DDC70833-8749-4F41-883F-04F88DF38A73}"
EndProject
Project("{9A19103F-16F7-4668-BE54-9A1E7A4F7556}") = "Components.Client", "Client\Components.Client.csproj", "{E29B0A8E-2AB7-433B-ACF3-B3FB6AA79C00}"
EndProject
Project("{9A19103F-16F7-4668-BE54-9A1E7A4F7556}") = "Components.Shared", "Shared\Components.Shared.csproj", "{51A03E2C-7D87-4C81-8C74-A798B3CB9E7F}"
EndProject
Global
	GlobalSection(SolutionConfigurationPlatforms) = preSolution
		Debug|Any CPU = Debug|Any CPU
		Debug|x64 = Debug|x64
		Debug|x86 = Debug|x86
		Release|Any CPU = Release|Any CPU
		Release|x64 = Release|x64
		Release|x86 = Release|x86
	EndGlobalSection
	GlobalSection(ProjectConfigurationPlatforms) = postSolution
		{E29B0A8E-2AB7-433B-ACF3-B3FB6AA79C00}.Debug|Any CPU.ActiveCfg = Debug|Any CPU
		{E29B0A8E-2AB7-433B-ACF3-B3FB6AA79C00}.Debug|Any CPU.Build.0 = Debug|Any CPU
		{E29B0A8E-2AB7-433B-ACF3-B3FB6AA79C00}.Debug|x64.ActiveCfg = Debug|Any CPU
		{E29B0A8E-2AB7-433B-ACF3-B3FB6AA79C00}.Debug|x64.Build.0 = Debug|Any CPU
		{E29B0A8E-2AB7-433B-ACF3-B3FB6AA79C00}.Debug|x86.ActiveCfg = Debug|Any CPU
		{E29B0A8E-2AB7-433B-ACF3-B3FB6AA79C00}.Debug|x86.Build.0 = Debug|Any CPU
		{E29B0A8E-2AB7-433B-ACF3-B3FB6AA79C00}.Release|Any CPU.ActiveCfg = Release|Any CPU
		{E29B0A8E-2AB7-433B-ACF3-B3FB6AA79C00}.Release|Any CPU.Build.0 = Release|Any CPU
		{E29B0A8E-2AB7-433B-ACF3-B3FB6AA79C00}.Release|x64.ActiveCfg = Release|Any CPU
		{E29B0A8E-2AB7-433B-ACF3-B3FB6AA79C00}.Release|x64.Build.0 = Release|Any CPU
		{E29B0A8E-2AB7-433B-ACF3-B3FB6AA79C00}.Release|x86.ActiveCfg = Release|Any CPU
		{E29B0A8E-2AB7-433B-ACF3-B3FB6AA79C00}.Release|x86.Build.0 = Release|Any CPU
		{DDC70833-8749-4F41-883F-04F88DF38A73}.Debug|Any CPU.ActiveCfg = Debug|Any CPU
		{DDC70833-8749-4F41-883F-04F88DF38A73}.Debug|Any CPU.Build.0 = Debug|Any CPU
		{DDC70833-8749-4F41-883F-04F88DF38A73}.Debug|x64.ActiveCfg = Debug|Any CPU
		{DDC70833-8749-4F41-883F-04F88DF38A73}.Debug|x64.Build.0 = Debug|Any CPU
		{DDC70833-8749-4F41-883F-04F88DF38A73}.Debug|x86.ActiveCfg = Debug|Any CPU
		{DDC70833-8749-4F41-883F-04F88DF38A73}.Debug|x86.Build.0 = Debug|Any CPU
		{DDC70833-8749-4F41-883F-04F88DF38A73}.Release|Any CPU.ActiveCfg = Release|Any CPU
		{DDC70833-8749-4F41-883F-04F88DF38A73}.Release|Any CPU.Build.0 = Release|Any CPU
		{DDC70833-8749-4F41-883F-04F88DF38A73}.Release|x64.ActiveCfg = Release|Any CPU
		{DDC70833-8749-4F41-883F-04F88DF38A73}.Release|x64.Build.0 = Release|Any CPU
		{DDC70833-8749-4F41-883F-04F88DF38A73}.Release|x86.ActiveCfg = Release|Any CPU
		{DDC70833-8749-4F41-883F-04F88DF38A73}.Release|x86.Build.0 = Release|Any CPU
		{51A03E2C-7D87-4C81-8C74-A798B3CB9E7F}.Debug|Any CPU.ActiveCfg = Debug|Any CPU
		{51A03E2C-7D87-4C81-8C74-A798B3CB9E7F}.Debug|Any CPU.Build.0 = Debug|Any CPU
		{51A03E2C-7D87-4C81-8C74-A798B3CB9E7F}.Debug|x64.ActiveCfg = Debug|Any CPU
		{51A03E2C-7D87-4C81-8C74-A798B3CB9E7F}.Debug|x64.Build.0 = Debug|Any CPU
		{51A03E2C-7D87-4C81-8C74-A798B3CB9E7F}.Debug|x86.ActiveCfg = Debug|Any CPU
		{51A03E2C-7D87-4C81-8C74-A798B3CB9E7F}.Debug|x86.Build.0 = Debug|Any CPU
		{51A03E2C-7D87-4C81-8C74-A798B3CB9E7F}.Release|Any CPU.ActiveCfg = Release|Any CPU
		{51A03E2C-7D87-4C81-8C74-A798B3CB9E7F}.Release|Any CPU.Build.0 = Release|Any CPU
		{51A03E2C-7D87-4C81-8C74-A798B3CB9E7F}.Release|x64.ActiveCfg = Release|Any CPU
		{51A03E2C-7D87-4C81-8C74-A798B3CB9E7F}.Release|x64.Build.0 = Release|Any CPU
		{51A03E2C-7D87-4C81-8C74-A798B3CB9E7F}.Release|x86.ActiveCfg = Release|Any CPU
		{51A03E2C-7D87-4C81-8C74-A798B3CB9E7F}.Release|x86.Build.0 = Release|Any CPU
	EndGlobalSection
	GlobalSection(SolutionProperties) = preSolution
		HideSolutionNode = FALSE
	EndGlobalSection
	GlobalSection(ExtensibilityGlobals) = postSolution
		SolutionGuid = {124289CC-F29E-4246-B3A8-E449E9519A14}
	EndGlobalSection
EndGlobal